# auto-generated by grc.converter

id: burst_randomizer
label: Burst Randomizer
category: burst

parameters:
-   id: p
    label: Polynomial
    dtype: int_vector
    default: '[0,14,15]'
-   id: iv
    label: Initial Fill
    dtype: int_vector
    default: '[1,0,0,1,0,1,0,1,0,0,0,0,0,0,0]'
-   id: ml
    label: Max Length
    dtype: int
    default: '100000'

inputs:
-   domain: message
    id: pdus
    optional: true

outputs:
-   domain: message
    id: pdus
    optional: true

templates:
    imports: import burst
    make: burst.randomizer(${p}, ${iv}, ${ml})

file_format: 1
