# auto-generated by grc.converter

id: burst_unpacker
label: Async PDU Bit Unpacker
category: burst

inputs:
-   domain: message
    id: packed_pdus
    optional: true

outputs:
-   domain: message
    id: unpacked_pdus
    optional: true

templates:
    imports: import burst
    make: burst.unpacker()

file_format: 1
