# auto-generated by grc.converter

id: burst_preamble_correlator
label: Burst Preamble Correlator
category: burst

parameters:
-   id: sps
    label: Samples per Symbol
    dtype: int
    default: '2'
-   id: ro
    label: RRC Filt Rolloff
    dtype: real
    default: '0.35'
-   id: pre
    label: Preamble Bits
    dtype: int_vector
    default: '[0,0,0,0,0,0,1,1,0,1,1,0,1,1,0,0,1,1,1,1,0,0,0,0]'

inputs:
-   label: samples
    domain: stream
    dtype: complex

outputs:
-   label: correlation_magnitude
    domain: stream
    dtype: float

templates:
    imports: import burst
    make: burst.preamble_correlator(${sps}, ${ro}, ${pre})

file_format: 1
