# auto-generated by grc.converter

id: burst_tofpdu
label: Burst Binary PDU to FPDU
category: burst

inputs:
-   domain: message
    id: pdus
    optional: true

outputs:
-   domain: message
    id: fpdus
    optional: true

templates:
    imports: import burst
    make: burst.tofpdu()

file_format: 1
