# auto-generated by grc.converter

id: burst_synchronizer_v4
label: Burst Feedforward QPSK Symbol Synchronizer (v4)
category: burst

parameters:
-   id: sps
    label: Samples per Symbol
    dtype: int
    default: '2'
-   id: fs
    label: Sample Rate
    dtype: float
    default: '100000'
-   id: preamble_bits
    label: Preamble Bits
    dtype: int_vector
    default: '[0, 1, 0, 0, 1, 0, 1, 1, 1, 1, 0, 1, 0, 1, 1, 0, 0, 1, 1, 1, 1, 1, 1,
        0, 0, 0, 0, 0, 1, 0, 0, 1, 1, 0, 0, 1, 1, 0, 0, 1, 1, 0, 1, 1, 0, 0, 1, 0,
        0, 0, 0, 0, 1, 0, 0, 1, 0, 1, 1, 1, 1, 1, 0, 1, 0, 0, 1, 1, 1, 1, 0, 0, 1,
        1, 0, 0, 0, 0, 0, 0, 1, 1, 1, 1, 1, 1, 0, 1, 0, 1, 0, 1, 1, 0, 0, 0]'
-   id: sym_mapping
    label: Symbol Values
    dtype: int_vector
    default: '[0,1,3,2]'

inputs:
-   domain: message
    id: cpdus
    optional: true

outputs:
-   domain: message
    id: cpdus
    optional: true
-   domain: message
    id: debug_post_cfo
    optional: true
-   domain: message
    id: debug_pre_xcorr
    optional: true

templates:
    imports: import burst
    make: burst.synchronizer_v4(${fs}, ${sps}, ${preamble_bits}, ${sym_mapping})

file_format: 1
