# auto-generated by grc.converter

id: burst_preamble_insert
label: Burst Preamble Insert
category: burst

parameters:
-   id: pre
    label: Preamble Bits
    dtype: int_vector
    default: '[0,0,0,0,0,0,1,1,0,1,1,0,1,1,0,0,1,1,1,1,0,0,0,0]'

inputs:
-   domain: message
    id: pdus
    optional: true

outputs:
-   domain: message
    id: pdus
    optional: true

templates:
    imports: import burst
    make: burst.preamble_insert(${pre})

file_format: 1
